name: Bump cask on new release

on:
  schedule:
    - cron: '0 0,12 * * *'
  workflow_dispatch:

jobs:
  bump:
    runs-on: macos-latest
    permissions:
      contents: write
      pull-requests: write
    steps:
      - name: Checkout tap
        uses: actions/checkout@v4

      - name: Get current version from cask
        id: current_version
        run: |
          CASK_FILE="./Casks/siyuan-unlock.rb"
          CURRENT_VERSION=$(grep 'version' "$CASK_FILE" | head -1 | awk -F'"' '{print $2}')
          echo "current_version=$CURRENT_VERSION" >> $GITHUB_OUTPUT
          echo "当前版本: $CURRENT_VERSION"

      - name: Get latest version using gh CLI
        id: latest_version
        run: |
          LATEST_VERSION=$(gh release list --repo "appdev/siyuan-unlock" \
            --limit 1 --json tagName --jq '.[0].tagName' | sed 's/^v//')
          echo "latest_version=$LATEST_VERSION" >> $GITHUB_OUTPUT
        env:
          GH_TOKEN: ${{ github.token }}

      - name: Compare versions
        id: compare
        run: |
          CURRENT="${{ steps.current_version.outputs.current_version }}"
          LATEST="${{ steps.latest_version.outputs.latest_version }}"
          # 防御：如果 LATEST 为空或 null，终止
          if [[ -z "$LATEST" || "$LATEST" == "null" ]]; then
            echo "最新版本无效，终止流程"
            exit 1
          fi
          if [[ "$CURRENT" != "$LATEST" ]]; then
            echo "new_version=$LATEST" >> $GITHUB_OUTPUT
            echo "✅ 需要更新: $CURRENT → $LATEST"
          else
            echo "⏺ 已是最新: $CURRENT"
          fi

      - name: Setup Homebrew tap
        if: steps.compare.outputs.new_version
        run: |
          brew tap --force "${GITHUB_REPOSITORY}"
          brew tap-info "${GITHUB_REPOSITORY}"
      - name: Delete existing remote branch (if any)
        if: steps.compare.outputs.new_version
        run: |
          NEW_VERSION="${{ steps.compare.outputs.new_version }}"
          BRANCH_NAME="bump-siyuan-unlock-${NEW_VERSION}"
          # 删除远程分支（忽略错误，分支不存在时不影响后续）
          git push origin --delete "$BRANCH_NAME" 2>/dev/null || echo "Branch not found, continuing..."
      - name: Run bump-cask-pr
        if: steps.compare.outputs.new_version
        env:
          HOMEBREW_GITHUB_API_TOKEN: ${{ secrets.HOMEBREW_GITHUB_API_TOKEN }}
        run: |
          # 确保 new_version 非空（再次检查）
          VERSION="${{ steps.compare.outputs.new_version }}"
          if [[ -z "$VERSION" || "$VERSION" == "null" ]]; then
            echo "错误：版本号无效 '$VERSION'"
            exit 1
          fi
          brew bump-cask-pr siyuan-unlock \
            --version="$VERSION" \
            --no-audit \
            --no-fork
